Microsoft Visual Studio Solution File, Format Version 11.00
# Visual Studio 2008

Project("{23125E8A-7EDA-BA99-F8F6-80AB9E915B33}") = "Metal Sphere Solid", "Assembly-CSharp-firstpass-vs.csproj", "{57C22ACE-7AE2-7543-D295-97A1E1989C13}"
EndProject
Project("{23125E8A-7EDA-BA99-F8F6-80AB9E915B33}") = "Metal Sphere Solid", "Assembly-CSharp-vs.csproj", "{E3F5D45C-DDDC-97B1-CF4B-F5AA7F617B87}"
EndProject
Project("{23125E8A-7EDA-BA99-F8F6-80AB9E915B33}") = "Metal Sphere Solid", "Assembly-CSharp-Editor-vs.csproj", "{64B384E3-A14A-EBEB-7F8A-E2EE16DAE3F2}"
EndProject
Global
	GlobalSection(SolutionConfigurationPlatforms) = preSolution
		Debug|Any CPU = Debug|Any CPU
		Release|Any CPU = Release|Any CPU
	EndGlobalSection
	GlobalSection(ProjectConfigurationPlatforms) = postSolution
		{57C22ACE-7AE2-7543-D295-97A1E1989C13}.Debug|Any CPU.ActiveCfg = Debug|Any CPU
		{57C22ACE-7AE2-7543-D295-97A1E1989C13}.Debug|Any CPU.Build.0 = Debug|Any CPU
		{57C22ACE-7AE2-7543-D295-97A1E1989C13}.Release|Any CPU.ActiveCfg = Release|Any CPU
		{57C22ACE-7AE2-7543-D295-97A1E1989C13}.Release|Any CPU.Build.0 = Release|Any CPU
		{E3F5D45C-DDDC-97B1-CF4B-F5AA7F617B87}.Debug|Any CPU.ActiveCfg = Debug|Any CPU
		{E3F5D45C-DDDC-97B1-CF4B-F5AA7F617B87}.Debug|Any CPU.Build.0 = Debug|Any CPU
		{E3F5D45C-DDDC-97B1-CF4B-F5AA7F617B87}.Release|Any CPU.ActiveCfg = Release|Any CPU
		{E3F5D45C-DDDC-97B1-CF4B-F5AA7F617B87}.Release|Any CPU.Build.0 = Release|Any CPU
		{64B384E3-A14A-EBEB-7F8A-E2EE16DAE3F2}.Debug|Any CPU.ActiveCfg = Debug|Any CPU
		{64B384E3-A14A-EBEB-7F8A-E2EE16DAE3F2}.Debug|Any CPU.Build.0 = Debug|Any CPU
		{64B384E3-A14A-EBEB-7F8A-E2EE16DAE3F2}.Release|Any CPU.ActiveCfg = Release|Any CPU
		{64B384E3-A14A-EBEB-7F8A-E2EE16DAE3F2}.Release|Any CPU.Build.0 = Release|Any CPU
	EndGlobalSection
	GlobalSection(SolutionProperties) = preSolution
		HideSolutionNode = FALSE
	EndGlobalSection
													GlobalSection(MonoDevelopProperties) = preSolution
		StartupItem = Assembly-CSharp.csproj
		Policies = $0
		$0.TextStylePolicy = $1
		$1.inheritsSet = null
		$1.scope = text/x-csharp
		$0.CSharpFormattingPolicy = $2
		$2.inheritsSet = Mono
		$2.inheritsScope = text/x-csharp
		$2.scope = text/x-csharp
		$0.TextStylePolicy = $3
		$3.FileWidth = 120
		$3.TabWidth = 4
		$3.IndentWidth = 4
		$3.EolMarker = Unix
		$3.inheritsSet = Mono
		$3.inheritsScope = text/plain
		$3.scope = text/plain
	EndGlobalSection

EndGlobal
